{
  "name": "lecture-7",
  "lockfileVersion": 2,
  "requires": true,
  "packages": {
    "": {
      "dependencies": {
        "triangle-triangle-intersection": "^0.0.22"
      }
    },
    "node_modules/triangle-triangle-intersection": {
      "version": "0.0.22",
      "resolved": "https://registry.npmjs.org/triangle-triangle-intersection/-/triangle-triangle-intersection-0.0.22.tgz",
      "integrity": "sha512-Lg6GivEUJ8EGwL9mq4/zBM2uap0QM9oFKuWDBbupZHYctrInxY1Ke37X5Z8rmw44VE3v3psJpf4oXKdZVCdWFA=="
    }
  },
  "dependencies": {
    "triangle-triangle-intersection": {
      "version": "0.0.22",
      "resolved": "https://registry.npmjs.org/triangle-triangle-intersection/-/triangle-triangle-intersection-0.0.22.tgz",
      "integrity": "sha512-Lg6GivEUJ8EGwL9mq4/zBM2uap0QM9oFKuWDBbupZHYctrInxY1Ke37X5Z8rmw44VE3v3psJpf4oXKdZVCdWFA=="
    }
  }
}
